
Microsoft Visual Studio Solution File, Format Version 12.00
# Visual Studio Version 17
VisualStudioVersion = 17.8.35027.43
MinimumVisualStudioVersion = 10.0.40219.1
Project("{FAE04EC0-301F-11D3-BF4B-00C04F79EFBC}") = "BulkCompressImage", "BulkCompressImage\BulkCompressImage.csproj", "{252A69E3-8A1E-4B5B-A3C4-A70E0F46B21C}"
EndProject
Global
	GlobalSection(SolutionConfigurationPlatforms) = preSolution
		Debug|Any CPU = Debug|Any CPU
		Release|Any CPU = Release|Any CPU
	EndGlobalSection
	GlobalSection(ProjectConfigurationPlatforms) = postSolution
		{252A69E3-8A1E-4B5B-A3C4-A70E0F46B21C}.Debug|Any CPU.ActiveCfg = Debug|Any CPU
		{252A69E3-8A1E-4B5B-A3C4-A70E0F46B21C}.Debug|Any CPU.Build.0 = Debug|Any CPU
		{252A69E3-8A1E-4B5B-A3C4-A70E0F46B21C}.Release|Any CPU.ActiveCfg = Release|Any CPU
		{252A69E3-8A1E-4B5B-A3C4-A70E0F46B21C}.Release|Any CPU.Build.0 = Release|Any CPU
	EndGlobalSection
	GlobalSection(SolutionProperties) = preSolution
		HideSolutionNode = FALSE
	EndGlobalSection
	GlobalSection(ExtensibilityGlobals) = postSolution
		SolutionGuid = {A285F43E-6591-41CB-8DC2-D0FD2158B012}
	EndGlobalSection
EndGlobal
